
Microsoft Visual Studio Solution File, Format Version 12.00
# Visual Studio 14
VisualStudioVersion = 14.0.23107.0
MinimumVisualStudioVersion = 10.0.40219.1
Project("{FAE04EC0-301F-11D3-BF4B-00C04F79EFBC}") = "Types", "Types\Types.csproj", "{F341B8CD-5ED6-4EC1-9DF9-013F87CB862D}"
EndProject
Project("{FAE04EC0-301F-11D3-BF4B-00C04F79EFBC}") = "Host", "Host\Host.csproj", "{BB196C92-CBA9-4C11-822E-0BDB9C13A13C}"
EndProject
Project("{FAE04EC0-301F-11D3-BF4B-00C04F79EFBC}") = "Service", "Service\Service.csproj", "{EE0B2187-CE71-4D16-8ED0-C2105B4EEC42}"
EndProject
Project("{FAE04EC0-301F-11D3-BF4B-00C04F79EFBC}") = "AdminGUI", "AdminGUI\AdminGUI.csproj", "{4957918E-5939-432E-AB3E-A3E86E877238}"
EndProject
Project("{FAE04EC0-301F-11D3-BF4B-00C04F79EFBC}") = "TeacherGUI", "TeacherGUI\TeacherGUI.csproj", "{36307941-277F-4462-93E3-38454F86E19B}"
EndProject
Project("{FAE04EC0-301F-11D3-BF4B-00C04F79EFBC}") = "StudentGUI", "StudentGUI\StudentGUI.csproj", "{783AF547-979D-4066-88E7-E96FE2512EC1}"
EndProject
Project("{FAE04EC0-301F-11D3-BF4B-00C04F79EFBC}") = "StudentGUIWPF", "StudentGUIWPF\StudentGUIWPF.csproj", "{47CECCDD-871C-4481-A3C6-B65BFF30FAC3}"
EndProject
Global
	GlobalSection(SolutionConfigurationPlatforms) = preSolution
		Debug|Any CPU = Debug|Any CPU
		Release|Any CPU = Release|Any CPU
	EndGlobalSection
	GlobalSection(ProjectConfigurationPlatforms) = postSolution
		{F341B8CD-5ED6-4EC1-9DF9-013F87CB862D}.Debug|Any CPU.ActiveCfg = Debug|Any CPU
		{F341B8CD-5ED6-4EC1-9DF9-013F87CB862D}.Debug|Any CPU.Build.0 = Debug|Any CPU
		{F341B8CD-5ED6-4EC1-9DF9-013F87CB862D}.Release|Any CPU.ActiveCfg = Release|Any CPU
		{F341B8CD-5ED6-4EC1-9DF9-013F87CB862D}.Release|Any CPU.Build.0 = Release|Any CPU
		{BB196C92-CBA9-4C11-822E-0BDB9C13A13C}.Debug|Any CPU.ActiveCfg = Debug|Any CPU
		{BB196C92-CBA9-4C11-822E-0BDB9C13A13C}.Debug|Any CPU.Build.0 = Debug|Any CPU
		{BB196C92-CBA9-4C11-822E-0BDB9C13A13C}.Release|Any CPU.ActiveCfg = Release|Any CPU
		{BB196C92-CBA9-4C11-822E-0BDB9C13A13C}.Release|Any CPU.Build.0 = Release|Any CPU
		{EE0B2187-CE71-4D16-8ED0-C2105B4EEC42}.Debug|Any CPU.ActiveCfg = Debug|Any CPU
		{EE0B2187-CE71-4D16-8ED0-C2105B4EEC42}.Debug|Any CPU.Build.0 = Debug|Any CPU
		{EE0B2187-CE71-4D16-8ED0-C2105B4EEC42}.Release|Any CPU.ActiveCfg = Release|Any CPU
		{EE0B2187-CE71-4D16-8ED0-C2105B4EEC42}.Release|Any CPU.Build.0 = Release|Any CPU
		{4957918E-5939-432E-AB3E-A3E86E877238}.Debug|Any CPU.ActiveCfg = Debug|Any CPU
		{4957918E-5939-432E-AB3E-A3E86E877238}.Debug|Any CPU.Build.0 = Debug|Any CPU
		{4957918E-5939-432E-AB3E-A3E86E877238}.Release|Any CPU.ActiveCfg = Release|Any CPU
		{4957918E-5939-432E-AB3E-A3E86E877238}.Release|Any CPU.Build.0 = Release|Any CPU
		{36307941-277F-4462-93E3-38454F86E19B}.Debug|Any CPU.ActiveCfg = Debug|Any CPU
		{36307941-277F-4462-93E3-38454F86E19B}.Debug|Any CPU.Build.0 = Debug|Any CPU
		{36307941-277F-4462-93E3-38454F86E19B}.Release|Any CPU.ActiveCfg = Release|Any CPU
		{36307941-277F-4462-93E3-38454F86E19B}.Release|Any CPU.Build.0 = Release|Any CPU
		{783AF547-979D-4066-88E7-E96FE2512EC1}.Debug|Any CPU.ActiveCfg = Debug|Any CPU
		{783AF547-979D-4066-88E7-E96FE2512EC1}.Debug|Any CPU.Build.0 = Debug|Any CPU
		{783AF547-979D-4066-88E7-E96FE2512EC1}.Release|Any CPU.ActiveCfg = Release|Any CPU
		{783AF547-979D-4066-88E7-E96FE2512EC1}.Release|Any CPU.Build.0 = Release|Any CPU
		{47CECCDD-871C-4481-A3C6-B65BFF30FAC3}.Debug|Any CPU.ActiveCfg = Debug|Any CPU
		{47CECCDD-871C-4481-A3C6-B65BFF30FAC3}.Debug|Any CPU.Build.0 = Debug|Any CPU
		{47CECCDD-871C-4481-A3C6-B65BFF30FAC3}.Release|Any CPU.ActiveCfg = Release|Any CPU
		{47CECCDD-871C-4481-A3C6-B65BFF30FAC3}.Release|Any CPU.Build.0 = Release|Any CPU
	EndGlobalSection
	GlobalSection(SolutionProperties) = preSolution
		HideSolutionNode = FALSE
	EndGlobalSection
EndGlobal
